
Microsoft Visual Studio Solution File, Format Version 12.00
# Visual Studio 15
VisualStudioVersion = 15.0.27428.2037
MinimumVisualStudioVersion = 10.0.40219.1
Project("{FAE04EC0-301F-11D3-BF4B-00C04F79EFBC}") = "01.PersonalTitles", "01.PersonalTitles\01.PersonalTitles.csproj", "{D7D7DE76-8E38-44E1-8D42-0057C3E17F4B}"
EndProject
Project("{FAE04EC0-301F-11D3-BF4B-00C04F79EFBC}") = "02.SmallShop", "02.SmallShop\02.SmallShop.csproj", "{2EE74CD9-34DA-4DDA-A843-54F7C5FBCEC3}"
EndProject
Project("{FAE04EC0-301F-11D3-BF4B-00C04F79EFBC}") = "03.PointInRectangle", "03.PointInRectangle\03.PointInRectangle.csproj", "{66A5345A-44DC-4910-B782-DD87AC272950}"
EndProject
Project("{FAE04EC0-301F-11D3-BF4B-00C04F79EFBC}") = "04.FruitOrVegetable", "04.FruitOrVegetable\04.FruitOrVegetable.csproj", "{6FD5E83A-F753-4A84-A9F6-BE05DFF3DD36}"
EndProject
Project("{FAE04EC0-301F-11D3-BF4B-00C04F79EFBC}") = "05.InvalidNumber", "05.InvalidNumber\05.InvalidNumber.csproj", "{92909B46-CA72-457A-B0AB-757667705C0E}"
EndProject
Project("{FAE04EC0-301F-11D3-BF4B-00C04F79EFBC}") = "06.PointOnRectangleBorder", "06.PointOnRectangleBorder\06.PointOnRectangleBorder.csproj", "{DBCF89DA-C2BD-4B4A-9FDA-6DAFD409AF4F}"
EndProject
Project("{FAE04EC0-301F-11D3-BF4B-00C04F79EFBC}") = "07.FruitShop", "07.FruitShop\07.FruitShop.csproj", "{9E65CF8E-8CBF-4D05-B653-E6C8D0700EC3}"
EndProject
Project("{FAE04EC0-301F-11D3-BF4B-00C04F79EFBC}") = "08.TradeComission", "08.TradeComission\08.TradeComission.csproj", "{1D97FBD0-B080-42FC-869C-F630420D8D7B}"
EndProject
Project("{FAE04EC0-301F-11D3-BF4B-00C04F79EFBC}") = "09.DayOfWeek", "09.DayOfWeek\09.DayOfWeek.csproj", "{5FDD98E0-CC11-4751-BAF1-7D08F4D94BEA}"
EndProject
Project("{FAE04EC0-301F-11D3-BF4B-00C04F79EFBC}") = "10.AnimalType", "10.AnimalType\10.AnimalType.csproj", "{849D2FD1-3C53-4605-A2FA-69C48EDCF6D4}"
EndProject
Project("{FAE04EC0-301F-11D3-BF4B-00C04F79EFBC}") = "11.Cinema", "11.Cinema\11.Cinema.csproj", "{11BAD126-825F-4EEC-BA52-D00CE0ED0494}"
EndProject
Project("{FAE04EC0-301F-11D3-BF4B-00C04F79EFBC}") = "12.Volleyball", "12.Volleyball\12.Volleyball.csproj", "{4247E97A-7481-45CA-8509-8B8EA1C8D477}"
EndProject
Project("{FAE04EC0-301F-11D3-BF4B-00C04F79EFBC}") = "16.Voyage", "16.Voyage\16.Voyage.csproj", "{0939F979-64EA-4A1E-B6C5-0103B02C3164}"
EndProject
Project("{FAE04EC0-301F-11D3-BF4B-00C04F79EFBC}") = "17.OperationWithNumbers", "17.OperationWithNumbers\17.OperationWithNumbers.csproj", "{CCA88563-2C31-4867-B5CC-5D022CF712A5}"
EndProject
Project("{FAE04EC0-301F-11D3-BF4B-00C04F79EFBC}") = "18.FootballMatchTickets", "18.FootballMatchTickets\18.FootballMatchTickets.csproj", "{7D83FCBC-3EDC-4BA4-AAA3-193B42B13E76}"
EndProject
Global
	GlobalSection(SolutionConfigurationPlatforms) = preSolution
		Debug|Any CPU = Debug|Any CPU
		Release|Any CPU = Release|Any CPU
	EndGlobalSection
	GlobalSection(ProjectConfigurationPlatforms) = postSolution
		{D7D7DE76-8E38-44E1-8D42-0057C3E17F4B}.Debug|Any CPU.ActiveCfg = Debug|Any CPU
		{D7D7DE76-8E38-44E1-8D42-0057C3E17F4B}.Debug|Any CPU.Build.0 = Debug|Any CPU
		{D7D7DE76-8E38-44E1-8D42-0057C3E17F4B}.Release|Any CPU.ActiveCfg = Release|Any CPU
		{D7D7DE76-8E38-44E1-8D42-0057C3E17F4B}.Release|Any CPU.Build.0 = Release|Any CPU
		{2EE74CD9-34DA-4DDA-A843-54F7C5FBCEC3}.Debug|Any CPU.ActiveCfg = Debug|Any CPU
		{2EE74CD9-34DA-4DDA-A843-54F7C5FBCEC3}.Debug|Any CPU.Build.0 = Debug|Any CPU
		{2EE74CD9-34DA-4DDA-A843-54F7C5FBCEC3}.Release|Any CPU.ActiveCfg = Release|Any CPU
		{2EE74CD9-34DA-4DDA-A843-54F7C5FBCEC3}.Release|Any CPU.Build.0 = Release|Any CPU
		{66A5345A-44DC-4910-B782-DD87AC272950}.Debug|Any CPU.ActiveCfg = Debug|Any CPU
		{66A5345A-44DC-4910-B782-DD87AC272950}.Debug|Any CPU.Build.0 = Debug|Any CPU
		{66A5345A-44DC-4910-B782-DD87AC272950}.Release|Any CPU.ActiveCfg = Release|Any CPU
		{66A5345A-44DC-4910-B782-DD87AC272950}.Release|Any CPU.Build.0 = Release|Any CPU
		{6FD5E83A-F753-4A84-A9F6-BE05DFF3DD36}.Debug|Any CPU.ActiveCfg = Debug|Any CPU
		{6FD5E83A-F753-4A84-A9F6-BE05DFF3DD36}.Debug|Any CPU.Build.0 = Debug|Any CPU
		{6FD5E83A-F753-4A84-A9F6-BE05DFF3DD36}.Release|Any CPU.ActiveCfg = Release|Any CPU
		{6FD5E83A-F753-4A84-A9F6-BE05DFF3DD36}.Release|Any CPU.Build.0 = Release|Any CPU
		{92909B46-CA72-457A-B0AB-757667705C0E}.Debug|Any CPU.ActiveCfg = Debug|Any CPU
		{92909B46-CA72-457A-B0AB-757667705C0E}.Debug|Any CPU.Build.0 = Debug|Any CPU
		{92909B46-CA72-457A-B0AB-757667705C0E}.Release|Any CPU.ActiveCfg = Release|Any CPU
		{92909B46-CA72-457A-B0AB-757667705C0E}.Release|Any CPU.Build.0 = Release|Any CPU
		{DBCF89DA-C2BD-4B4A-9FDA-6DAFD409AF4F}.Debug|Any CPU.ActiveCfg = Debug|Any CPU
		{DBCF89DA-C2BD-4B4A-9FDA-6DAFD409AF4F}.Debug|Any CPU.Build.0 = Debug|Any CPU
		{DBCF89DA-C2BD-4B4A-9FDA-6DAFD409AF4F}.Release|Any CPU.ActiveCfg = Release|Any CPU
		{DBCF89DA-C2BD-4B4A-9FDA-6DAFD409AF4F}.Release|Any CPU.Build.0 = Release|Any CPU
		{9E65CF8E-8CBF-4D05-B653-E6C8D0700EC3}.Debug|Any CPU.ActiveCfg = Debug|Any CPU
		{9E65CF8E-8CBF-4D05-B653-E6C8D0700EC3}.Debug|Any CPU.Build.0 = Debug|Any CPU
		{9E65CF8E-8CBF-4D05-B653-E6C8D0700EC3}.Release|Any CPU.ActiveCfg = Release|Any CPU
		{9E65CF8E-8CBF-4D05-B653-E6C8D0700EC3}.Release|Any CPU.Build.0 = Release|Any CPU
		{1D97FBD0-B080-42FC-869C-F630420D8D7B}.Debug|Any CPU.ActiveCfg = Debug|Any CPU
		{1D97FBD0-B080-42FC-869C-F630420D8D7B}.Debug|Any CPU.Build.0 = Debug|Any CPU
		{1D97FBD0-B080-42FC-869C-F630420D8D7B}.Release|Any CPU.ActiveCfg = Release|Any CPU
		{1D97FBD0-B080-42FC-869C-F630420D8D7B}.Release|Any CPU.Build.0 = Release|Any CPU
		{5FDD98E0-CC11-4751-BAF1-7D08F4D94BEA}.Debug|Any CPU.ActiveCfg = Debug|Any CPU
		{5FDD98E0-CC11-4751-BAF1-7D08F4D94BEA}.Debug|Any CPU.Build.0 = Debug|Any CPU
		{5FDD98E0-CC11-4751-BAF1-7D08F4D94BEA}.Release|Any CPU.ActiveCfg = Release|Any CPU
		{5FDD98E0-CC11-4751-BAF1-7D08F4D94BEA}.Release|Any CPU.Build.0 = Release|Any CPU
		{849D2FD1-3C53-4605-A2FA-69C48EDCF6D4}.Debug|Any CPU.ActiveCfg = Debug|Any CPU
		{849D2FD1-3C53-4605-A2FA-69C48EDCF6D4}.Debug|Any CPU.Build.0 = Debug|Any CPU
		{849D2FD1-3C53-4605-A2FA-69C48EDCF6D4}.Release|Any CPU.ActiveCfg = Release|Any CPU
		{849D2FD1-3C53-4605-A2FA-69C48EDCF6D4}.Release|Any CPU.Build.0 = Release|Any CPU
		{11BAD126-825F-4EEC-BA52-D00CE0ED0494}.Debug|Any CPU.ActiveCfg = Debug|Any CPU
		{11BAD126-825F-4EEC-BA52-D00CE0ED0494}.Debug|Any CPU.Build.0 = Debug|Any CPU
		{11BAD126-825F-4EEC-BA52-D00CE0ED0494}.Release|Any CPU.ActiveCfg = Release|Any CPU
		{11BAD126-825F-4EEC-BA52-D00CE0ED0494}.Release|Any CPU.Build.0 = Release|Any CPU
		{4247E97A-7481-45CA-8509-8B8EA1C8D477}.Debug|Any CPU.ActiveCfg = Debug|Any CPU
		{4247E97A-7481-45CA-8509-8B8EA1C8D477}.Debug|Any CPU.Build.0 = Debug|Any CPU
		{4247E97A-7481-45CA-8509-8B8EA1C8D477}.Release|Any CPU.ActiveCfg = Release|Any CPU
		{4247E97A-7481-45CA-8509-8B8EA1C8D477}.Release|Any CPU.Build.0 = Release|Any CPU
		{0939F979-64EA-4A1E-B6C5-0103B02C3164}.Debug|Any CPU.ActiveCfg = Debug|Any CPU
		{0939F979-64EA-4A1E-B6C5-0103B02C3164}.Debug|Any CPU.Build.0 = Debug|Any CPU
		{0939F979-64EA-4A1E-B6C5-0103B02C3164}.Release|Any CPU.ActiveCfg = Release|Any CPU
		{0939F979-64EA-4A1E-B6C5-0103B02C3164}.Release|Any CPU.Build.0 = Release|Any CPU
		{CCA88563-2C31-4867-B5CC-5D022CF712A5}.Debug|Any CPU.ActiveCfg = Debug|Any CPU
		{CCA88563-2C31-4867-B5CC-5D022CF712A5}.Debug|Any CPU.Build.0 = Debug|Any CPU
		{CCA88563-2C31-4867-B5CC-5D022CF712A5}.Release|Any CPU.ActiveCfg = Release|Any CPU
		{CCA88563-2C31-4867-B5CC-5D022CF712A5}.Release|Any CPU.Build.0 = Release|Any CPU
		{7D83FCBC-3EDC-4BA4-AAA3-193B42B13E76}.Debug|Any CPU.ActiveCfg = Debug|Any CPU
		{7D83FCBC-3EDC-4BA4-AAA3-193B42B13E76}.Debug|Any CPU.Build.0 = Debug|Any CPU
		{7D83FCBC-3EDC-4BA4-AAA3-193B42B13E76}.Release|Any CPU.ActiveCfg = Release|Any CPU
		{7D83FCBC-3EDC-4BA4-AAA3-193B42B13E76}.Release|Any CPU.Build.0 = Release|Any CPU
	EndGlobalSection
	GlobalSection(SolutionProperties) = preSolution
		HideSolutionNode = FALSE
	EndGlobalSection
	GlobalSection(ExtensibilityGlobals) = postSolution
		SolutionGuid = {632F649E-24A7-491A-B71C-44B76EF4A072}
	EndGlobalSection
EndGlobal
